
Microsoft Visual Studio Solution File, Format Version 12.00
# Visual Studio Version 17
VisualStudioVersion = 17.13.35931.197 d17.13
MinimumVisualStudioVersion = 10.0.40219.1
Project("{FAE04EC0-301F-11D3-BF4B-00C04F79EFBC}") = "FigurasGeometricas", "FigurasGeometricas\FigurasGeometricas.csproj", "{A9337D08-76E2-44DA-906B-DF096CC79FE1}"
EndProject
Global
	GlobalSection(SolutionConfigurationPlatforms) = preSolution
		Debug|Any CPU = Debug|Any CPU
		Release|Any CPU = Release|Any CPU
	EndGlobalSection
	GlobalSection(ProjectConfigurationPlatforms) = postSolution
		{A9337D08-76E2-44DA-906B-DF096CC79FE1}.Debug|Any CPU.ActiveCfg = Debug|Any CPU
		{A9337D08-76E2-44DA-906B-DF096CC79FE1}.Debug|Any CPU.Build.0 = Debug|Any CPU
		{A9337D08-76E2-44DA-906B-DF096CC79FE1}.Release|Any CPU.ActiveCfg = Release|Any CPU
		{A9337D08-76E2-44DA-906B-DF096CC79FE1}.Release|Any CPU.Build.0 = Release|Any CPU
	EndGlobalSection
	GlobalSection(SolutionProperties) = preSolution
		HideSolutionNode = FALSE
	EndGlobalSection
	GlobalSection(ExtensibilityGlobals) = postSolution
		SolutionGuid = {FE43733A-DF8C-4C3F-A5F4-F9601B489979}
	EndGlobalSection
EndGlobal
